
Microsoft Visual Studio Solution File, Format Version 12.00
# Visual Studio Version 16
VisualStudioVersion = 16.0.31729.503
MinimumVisualStudioVersion = 10.0.40219.1
Project("{FAE04EC0-301F-11D3-BF4B-00C04F79EFBC}") = "WebshopAPI", "WebshopAPI\WebshopAPI.csproj", "{A136CFA9-A9C7-4FEF-ACD8-F7B81BF9F9BF}"
EndProject
Global
	GlobalSection(SolutionConfigurationPlatforms) = preSolution
		Debug|Any CPU = Debug|Any CPU
		Release|Any CPU = Release|Any CPU
	EndGlobalSection
	GlobalSection(ProjectConfigurationPlatforms) = postSolution
		{A136CFA9-A9C7-4FEF-ACD8-F7B81BF9F9BF}.Debug|Any CPU.ActiveCfg = Debug|Any CPU
		{A136CFA9-A9C7-4FEF-ACD8-F7B81BF9F9BF}.Debug|Any CPU.Build.0 = Debug|Any CPU
		{A136CFA9-A9C7-4FEF-ACD8-F7B81BF9F9BF}.Release|Any CPU.ActiveCfg = Release|Any CPU
		{A136CFA9-A9C7-4FEF-ACD8-F7B81BF9F9BF}.Release|Any CPU.Build.0 = Release|Any CPU
	EndGlobalSection
	GlobalSection(SolutionProperties) = preSolution
		HideSolutionNode = FALSE
	EndGlobalSection
	GlobalSection(ExtensibilityGlobals) = postSolution
		SolutionGuid = {D80E206C-59C4-460C-8A54-03AFFDDEE585}
	EndGlobalSection
EndGlobal
